// !$*UTF8*$!
{
	archiveVersion = 1;
	classes = {
	};
	objectVersion = 50;
	objects = {

/* Begin PBXBuildFile section */
		C84EC0FE20C5891300CAC54E /* AppDelegate.swift in Sources */ = {isa = PBXBuildFile; fileRef = C84EC0FD20C5891300CAC54E /* AppDelegate.swift */; };
		C84EC10020C5891300CAC54E /* ViewController.swift in Sources */ = {isa = PBXBuildFile; fileRef = C84EC0FF20C5891300CAC54E /* ViewController.swift */; };
		C84EC10320C5891300CAC54E /* Main.storyboard in Resources */ = {isa = PBXBuildFile; fileRef = C84EC10120C5891300CAC54E /* Main.storyboard */; };
		C84EC10520C5891500CAC54E /* Assets.xcassets in Resources */ = {isa = PBXBuildFile; fileRef = C84EC10420C5891500CAC54E /* Assets.xcassets */; };
		C84EC10820C5891500CAC54E /* LaunchScreen.storyboard in Resources */ = {isa = PBXBuildFile; fileRef = C84EC10620C5891500CAC54E /* LaunchScreen.storyboard */; };
		C84EC11320C5891600CAC54E /* SanaHomeworkAppTests.swift in Sources */ = {isa = PBXBuildFile; fileRef = C84EC11220C5891600CAC54E /* SanaHomeworkAppTests.swift */; };
		C84EC11E20C5891600CAC54E /* SanaHomeworkAppUITests.swift in Sources */ = {isa = PBXBuildFile; fileRef = C84EC11D20C5891600CAC54E /* SanaHomeworkAppUITests.swift */; };
/* End PBXBuildFile section */

/* Begin PBXContainerItemProxy section */
		C84EC10F20C5891600CAC54E /* PBXContainerItemProxy */ = {
			isa = PBXContainerItemProxy;
			containerPortal = C84EC0F220C5891300CAC54E /* Project object */;
			proxyType = 1;
			remoteGlobalIDString = C84EC0F920C5891300CAC54E;
			remoteInfo = SanaHomeworkApp;
		};
		C84EC11A20C5891600CAC54E /* PBXContainerItemProxy */ = {
			isa = PBXContainerItemProxy;
			containerPortal = C84EC0F220C5891300CAC54E /* Project object */;
			proxyType = 1;
			remoteGlobalIDString = C84EC0F920C5891300CAC54E;
			remoteInfo = SanaHomeworkApp;
		};
/* End PBXContainerItemProxy section */

/* Begin PBXFileReference section */
		C84EC0FA20C5891300CAC54E /* SanaHomeworkApp.app */ = {isa = PBXFileReference; explicitFileType = wrapper.application; includeInIndex = 0; path = SanaHomeworkApp.app; sourceTree = BUILT_PRODUCTS_DIR; };
		C84EC0FD20C5891300CAC54E /* AppDelegate.swift */ = {isa = PBXFileReference; lastKnownFileType = sourcecode.swift; path = AppDelegate.swift; sourceTree = "<group>"; };
		C84EC0FF20C5891300CAC54E /* ViewController.swift */ = {isa = PBXFileReference; lastKnownFileType = sourcecode.swift; path = ViewController.swift; sourceTree = "<group>"; };
		C84EC10220C5891300CAC54E /* Base */ = {isa = PBXFileReference; lastKnownFileType = file.storyboard; name = Base; path = Base.lproj/Main.storyboard; sourceTree = "<group>"; };
		C84EC10420C5891500CAC54E /* Assets.xcassets */ = {isa = PBXFileReference; lastKnownFileType = folder.assetcatalog; path = Assets.xcassets; sourceTree = "<group>"; };
		C84EC10720C5891500CAC54E /* Base */ = {isa = PBXFileReference; lastKnownFileType = file.storyboard; name = Base; path = Base.lproj/LaunchScreen.storyboard; sourceTree = "<group>"; };
		C84EC10920C5891500CAC54E /* Info.plist */ = {isa = PBXFileReference; lastKnownFileType = text.plist.xml; path = Info.plist; sourceTree = "<group>"; };
		C84EC10E20C5891600CAC54E /* SanaHomeworkAppTests.xctest */ = {isa = PBXFileReference; explicitFileType = wrapper.cfbundle; includeInIndex = 0; path = SanaHomeworkAppTests.xctest; sourceTree = BUILT_PRODUCTS_DIR; };
		C84EC11220C5891600CAC54E /* SanaHomeworkAppTests.swift */ = {isa = PBXFileReference; lastKnownFileType = sourcecode.swift; path = SanaHomeworkAppTests.swift; sourceTree = "<group>"; };
		C84EC11420C5891600CAC54E /* Info.plist */ = {isa = PBXFileReference; lastKnownFileType = text.plist.xml; path = Info.plist; sourceTree = "<group>"; };
		C84EC11920C5891600CAC54E /* SanaHomeworkAppUITests.xctest */ = {isa = PBXFileReference; explicitFileType = wrapper.cfbundle; includeInIndex = 0; path = SanaHomeworkAppUITests.xctest; sourceTree = BUILT_PRODUCTS_DIR; };
		C84EC11D20C5891600CAC54E /* SanaHomeworkAppUITests.swift */ = {isa = PBXFileReference; lastKnownFileType = sourcecode.swift; path = SanaHomeworkAppUITests.swift; sourceTree = "<group>"; };
		C84EC11F20C5891600CAC54E /* Info.plist */ = {isa = PBXFileReference; lastKnownFileType = text.plist.xml; path = Info.plist; sourceTree = "<group>"; };
/* End PBXFileReference section */

/* Begin PBXFrameworksBuildPhase section */
		C84EC0F720C5891300CAC54E /* Frameworks */ = {
			isa = PBXFrameworksBuildPhase;
			buildActionMask = 2147483647;
			files = (
			);
			runOnlyForDeploymentPostprocessing = 0;
		};
		C84EC10B20C5891600CAC54E /* Frameworks */ = {
			isa = PBXFrameworksBuildPhase;
			buildActionMask = 2147483647;
			files = (
			);
			runOnlyForDeploymentPostprocessing = 0;
		};
		C84EC11620C5891600CAC54E /* Frameworks */ = {
			isa = PBXFrameworksBuildPhase;
			buildActionMask = 2147483647;
			files = (
			);
			runOnlyForDeploymentPostprocessing = 0;
		};
/* End PBXFrameworksBuildPhase section */

/* Begin PBXGroup section */
		C84EC0F120C5891300CAC54E = {
			isa = PBXGroup;
			children = (
				C84EC0FC20C5891300CAC54E /* SanaHomeworkApp */,
				C84EC11120C5891600CAC54E /* SanaHomeworkAppTests */,
				C84EC11C20C5891600CAC54E /* SanaHomeworkAppUITests */,
				C84EC0FB20C5891300CAC54E /* Products */,
			);
			sourceTree = "<group>";
		};
		C84EC0FB20C5891300CAC54E /* Products */ = {
			isa = PBXGroup;
			children = (
				C84EC0FA20C5891300CAC54E /* SanaHomeworkApp.app */,
				C84EC10E20C5891600CAC54E /* SanaHomeworkAppTests.xctest */,
				C84EC11920C5891600CAC54E /* SanaHomeworkAppUITests.xctest */,
			);
			name = Products;
			sourceTree = "<group>";
		};
		C84EC0FC20C5891300CAC54E /* SanaHomeworkApp */ = {
			isa = PBXGroup;
			children = (
				C84EC0FD20C5891300CAC54E /* AppDelegate.swift */,
				C84EC0FF20C5891300CAC54E /* ViewController.swift */,
				C84EC10120C5891300CAC54E /* Main.storyboard */,
				C84EC10420C5891500CAC54E /* Assets.xcassets */,
				C84EC10620C5891500CAC54E /* LaunchScreen.storyboard */,
				C84EC10920C5891500CAC54E /* Info.plist */,
			);
			path = SanaHomeworkApp;
			sourceTree = "<group>";
		};
		C84EC11120C5891600CAC54E /* SanaHomeworkAppTests */ = {
			isa = PBXGroup;
			children = (
				C84EC11220C5891600CAC54E /* SanaHomeworkAppTests.swift */,
				C84EC11420C5891600CAC54E /* Info.plist */,
			);
			path = SanaHomeworkAppTests;
			sourceTree = "<group>";
		};
		C84EC11C20C5891600CAC54E /* SanaHomeworkAppUITests */ = {
			isa = PBXGroup;
			children = (
				C84EC11D20C5891600CAC54E /* SanaHomeworkAppUITests.swift */,
				C84EC11F20C5891600CAC54E /* Info.plist */,
			);
			path = SanaHomeworkAppUITests;
			sourceTree = "<group>";
		};
/* End PBXGroup section */

/* Begin PBXNativeTarget section */
		C84EC0F920C5891300CAC54E /* SanaHomeworkApp */ = {
			isa = PBXNativeTarget;
			buildConfigurationList = C84EC12220C5891600CAC54E /* Build configuration list for PBXNativeTarget "SanaHomeworkApp" */;
			buildPhases = (
				C84EC0F620C5891300CAC54E /* Sources */,
				C84EC0F720C5891300CAC54E /* Frameworks */,
				C84EC0F820C5891300CAC54E /* Resources */,
			);
			buildRules = (
			);
			dependencies = (
			);
			name = SanaHomeworkApp;
			productName = SanaHomeworkApp;
			productReference = C84EC0FA20C5891300CAC54E /* SanaHomeworkApp.app */;
			productType = "com.apple.product-type.application";
		};
		C84EC10D20C5891600CAC54E /* SanaHomeworkAppTests */ = {
			isa = PBXNativeTarget;
			buildConfigurationList = C84EC12520C5891600CAC54E /* Build configuration list for PBXNativeTarget "SanaHomeworkAppTests" */;
			buildPhases = (
				C84EC10A20C5891600CAC54E /* Sources */,
				C84EC10B20C5891600CAC54E /* Frameworks */,
				C84EC10C20C5891600CAC54E /* Resources */,
			);
			buildRules = (
			);
			dependencies = (
				C84EC11020C5891600CAC54E /* PBXTargetDependency */,
			);
			name = SanaHomeworkAppTests;
			productName = SanaHomeworkAppTests;
			productReference = C84EC10E20C5891600CAC54E /* SanaHomeworkAppTests.xctest */;
			productType = "com.apple.product-type.bundle.unit-test";
		};
		C84EC11820C5891600CAC54E /* SanaHomeworkAppUITests */ = {
			isa = PBXNativeTarget;
			buildConfigurationList = C84EC12820C5891600CAC54E /* Build configuration list for PBXNativeTarget "SanaHomeworkAppUITests" */;
			buildPhases = (
				C84EC11520C5891600CAC54E /* Sources */,
				C84EC11620C5891600CAC54E /* Frameworks */,
				C84EC11720C5891600CAC54E /* Resources */,
			);
			buildRules = (
			);
			dependencies = (
				C84EC11B20C5891600CAC54E /* PBXTargetDependency */,
			);
			name = SanaHomeworkAppUITests;
			productName = SanaHomeworkAppUITests;
			productReference = C84EC11920C5891600CAC54E /* SanaHomeworkAppUITests.xctest */;
			productType = "com.apple.product-type.bundle.ui-testing";
		};
/* End PBXNativeTarget section */

/* Begin PBXProject section */
		C84EC0F220C5891300CAC54E /* Project object */ = {
			isa = PBXProject;
			attributes = {
				LastSwiftUpdateCheck = 0940;
				LastUpgradeCheck = 0940;
				ORGANIZATIONNAME = kurihara;
				TargetAttributes = {
					C84EC0F920C5891300CAC54E = {
						CreatedOnToolsVersion = 9.4;
					};
					C84EC10D20C5891600CAC54E = {
						CreatedOnToolsVersion = 9.4;
						TestTargetID = C84EC0F920C5891300CAC54E;
					};
					C84EC11820C5891600CAC54E = {
						CreatedOnToolsVersion = 9.4;
						TestTargetID = C84EC0F920C5891300CAC54E;
					};
				};
			};
			buildConfigurationList = C84EC0F520C5891300CAC54E /* Build configuration list for PBXProject "SanaHomeworkApp" */;
			compatibilityVersion = "Xcode 9.3";
			developmentRegion = en;
			hasScannedForEncodings = 0;
			knownRegions = (
				en,
				Base,
			);
			mainGroup = C84EC0F120C5891300CAC54E;
			productRefGroup = C84EC0FB20C5891300CAC54E /* Products */;
			projectDirPath = "";
			projectRoot = "";
			targets = (
				C84EC0F920C5891300CAC54E /* SanaHomeworkApp */,
				C84EC10D20C5891600CAC54E /* SanaHomeworkAppTests */,
				C84EC11820C5891600CAC54E /* SanaHomeworkAppUITests */,
			);
		};
/* End PBXProject section */

/* Begin PBXResourcesBuildPhase section */
		C84EC0F820C5891300CAC54E /* Resources */ = {
			isa = PBXResourcesBuildPhase;
			buildActionMask = 2147483647;
			files = (
				C84EC10820C5891500CAC54E /* LaunchScreen.storyboard in Resources */,
				C84EC10520C5891500CAC54E /* Assets.xcassets in Resources */,
				C84EC10320C5891300CAC54E /* Main.storyboard in Resources */,
			);
			runOnlyForDeploymentPostprocessing = 0;
		};
		C84EC10C20C5891600CAC54E /* Resources */ = {
			isa = PBXResourcesBuildPhase;
			buildActionMask = 2147483647;
			files = (
			);
			runOnlyForDeploymentPostprocessing = 0;
		};
		C84EC11720C5891600CAC54E /* Resources */ = {
			isa = PBXResourcesBuildPhase;
			buildActionMask = 2147483647;
			files = (
			);
			runOnlyForDeploymentPostprocessing = 0;
		};
/* End PBXResourcesBuildPhase section */

/* Begin PBXSourcesBuildPhase section */
		C84EC0F620C5891300CAC54E /* Sources */ = {
			isa = PBXSourcesBuildPhase;
			buildActionMask = 2147483647;
			files = (
				C84EC10020C5891300CAC54E /* ViewController.swift in Sources */,
				C84EC0FE20C5891300CAC54E /* AppDelegate.swift in Sources */,
			);
			runOnlyForDeploymentPostprocessing = 0;
		};
		C84EC10A20C5891600CAC54E /* Sources */ = {
			isa = PBXSourcesBuildPhase;
			buildActionMask = 2147483647;
			files = (
				C84EC11320C5891600CAC54E /* SanaHomeworkAppTests.swift in Sources */,
			);
			runOnlyForDeploymentPostprocessing = 0;
		};
		C84EC11520C5891600CAC54E /* Sources */ = {
			isa = PBXSourcesBuildPhase;
			buildActionMask = 2147483647;
			files = (
				C84EC11E20C5891600CAC54E /* SanaHomeworkAppUITests.swift in Sources */,
			);
			runOnlyForDeploymentPostprocessing = 0;
		};
/* End PBXSourcesBuildPhase section */

/* Begin PBXTargetDependency section */
		C84EC11020C5891600CAC54E /* PBXTargetDependency */ = {
			isa = PBXTargetDependency;
			target = C84EC0F920C5891300CAC54E /* SanaHomeworkApp */;
			targetProxy = C84EC10F20C5891600CAC54E /* PBXContainerItemProxy */;
		};
		C84EC11B20C5891600CAC54E /* PBXTargetDependency */ = {
			isa = PBXTargetDependency;
			target = C84EC0F920C5891300CAC54E /* SanaHomeworkApp */;
			targetProxy = C84EC11A20C5891600CAC54E /* PBXContainerItemProxy */;
		};
/* End PBXTargetDependency section */

/* Begin PBXVariantGroup section */
		C84EC10120C5891300CAC54E /* Main.storyboard */ = {
			isa = PBXVariantGroup;
			children = (
				C84EC10220C5891300CAC54E /* Base */,
			);
			name = Main.storyboard;
			sourceTree = "<group>";
		};
		C84EC10620C5891500CAC54E /* LaunchScreen.storyboard */ = {
			isa = PBXVariantGroup;
			children = (
				C84EC10720C5891500CAC54E /* Base */,
			);
			name = LaunchScreen.storyboard;
			sourceTree = "<group>";
		};
/* End PBXVariantGroup section */

/* Begin XCBuildConfiguration section */
		C84EC12020C5891600CAC54E /* Debug */ = {
			isa = XCBuildConfiguration;
			buildSettings = {
				ALWAYS_SEARCH_USER_PATHS = NO;
				CLANG_ANALYZER_NONNULL = YES;
				CLANG_ANALYZER_NUMBER_OBJECT_CONVERSION = YES_AGGRESSIVE;
				CLANG_CXX_LANGUAGE_STANDARD = "gnu++14";
				CLANG_CXX_LIBRARY = "libc++";
				CLANG_ENABLE_MODULES = YES;
				CLANG_ENABLE_OBJC_ARC = YES;
				CLANG_ENABLE_OBJC_WEAK = YES;
				CLANG_WARN_BLOCK_CAPTURE_AUTORELEASING = YES;
				CLANG_WARN_BOOL_CONVERSION = YES;
				CLANG_WARN_COMMA = YES;
				CLANG_WARN_CONSTANT_CONVERSION = YES;
				CLANG_WARN_DEPRECATED_OBJC_IMPLEMENTATIONS = YES;
				CLANG_WARN_DIRECT_OBJC_ISA_USAGE = YES_ERROR;
				CLANG_WARN_DOCUMENTATION_COMMENTS = YES;
				CLANG_WARN_EMPTY_BODY = YES;
				CLANG_WARN_ENUM_CONVERSION = YES;
				CLANG_WARN_INFINITE_RECURSION = YES;
				CLANG_WARN_INT_CONVERSION = YES;
				CLANG_WARN_NON_LITERAL_NULL_CONVERSION = YES;
				CLANG_WARN_OBJC_IMPLICIT_RETAIN_SELF = YES;
				CLANG_WARN_OBJC_LITERAL_CONVERSION = YES;
				CLANG_WARN_OBJC_ROOT_CLASS = YES_ERROR;
				CLANG_WARN_RANGE_LOOP_ANALYSIS = YES;
				CLANG_WARN_STRICT_PROTOTYPES = YES;
				CLANG_WARN_SUSPICIOUS_MOVE = YES;
				CLANG_WARN_UNGUARDED_AVAILABILITY = YES_AGGRESSIVE;
				CLANG_WARN_UNREACHABLE_CODE = YES;
				CLANG_WARN__DUPLICATE_METHOD_MATCH = YES;
				CODE_SIGN_IDENTITY = "iPhone Developer";
				COPY_PHASE_STRIP = NO;
				DEBUG_INFORMATION_FORMAT = dwarf;
				ENABLE_STRICT_OBJC_MSGSEND = YES;
				ENABLE_TESTABILITY = YES;
				GCC_C_LANGUAGE_STANDARD = gnu11;
				GCC_DYNAMIC_NO_PIC = NO;
				GCC_NO_COMMON_BLOCKS = YES;
				GCC_OPTIMIZATION_LEVEL = 0;
				GCC_PREPROCESSOR_DEFINITIONS = (
					"DEBUG=1",
					"$(inherited)",
				);
				GCC_WARN_64_TO_32_BIT_CONVERSION = YES;
				GCC_WARN_ABOUT_RETURN_TYPE = YES_ERROR;
				GCC_WARN_UNDECLARED_SELECTOR = YES;
				GCC_WARN_UNINITIALIZED_AUTOS = YES_AGGRESSIVE;
				GCC_WARN_UNUSED_FUNCTION = YES;
				GCC_WARN_UNUSED_VARIABLE = YES;
				IPHONEOS_DEPLOYMENT_TARGET = 11.4;
				MTL_ENABLE_DEBUG_INFO = YES;
				ONLY_ACTIVE_ARCH = YES;
				SDKROOT = iphoneos;
				SWIFT_ACTIVE_COMPILATION_CONDITIONS = DEBUG;
				SWIFT_OPTIMIZATION_LEVEL = "-Onone";
			};
			name = Debug;
		};
		C84EC12120C5891600CAC54E /* Release */ = {
			isa = XCBuildConfiguration;
			buildSettings = {
				ALWAYS_SEARCH_USER_PATHS = NO;
				CLANG_ANALYZER_NONNULL = YES;
				CLANG_ANALYZER_NUMBER_OBJECT_CONVERSION = YES_AGGRESSIVE;
				CLANG_CXX_LANGUAGE_STANDARD = "gnu++14";
				CLANG_CXX_LIBRARY = "libc++";
				CLANG_ENABLE_MODULES = YES;
				CLANG_ENABLE_OBJC_ARC = YES;
				CLANG_ENABLE_OBJC_WEAK = YES;
				CLANG_WARN_BLOCK_CAPTURE_AUTORELEASING = YES;
				CLANG_WARN_BOOL_CONVERSION = YES;
				CLANG_WARN_COMMA = YES;
				CLANG_WARN_CONSTANT_CONVERSION = YES;
				CLANG_WARN_DEPRECATED_OBJC_IMPLEMENTATIONS = YES;
				CLANG_WARN_DIRECT_OBJC_ISA_USAGE = YES_ERROR;
				CLANG_WARN_DOCUMENTATION_COMMENTS = YES;
				CLANG_WARN_EMPTY_BODY = YES;
				CLANG_WARN_ENUM_CONVERSION = YES;
				CLANG_WARN_INFINITE_RECURSION = YES;
				CLANG_WARN_INT_CONVERSION = YES;
				CLANG_WARN_NON_LITERAL_NULL_CONVERSION = YES;
				CLANG_WARN_OBJC_IMPLICIT_RETAIN_SELF = YES;
				CLANG_WARN_OBJC_LITERAL_CONVERSION = YES;
				CLANG_WARN_OBJC_ROOT_CLASS = YES_ERROR;
				CLANG_WARN_RANGE_LOOP_ANALYSIS = YES;
				CLANG_WARN_STRICT_PROTOTYPES = YES;
				CLANG_WARN_SUSPICIOUS_MOVE = YES;
				CLANG_WARN_UNGUARDED_AVAILABILITY = YES_AGGRESSIVE;
				CLANG_WARN_UNREACHABLE_CODE = YES;
				CLANG_WARN__DUPLICATE_METHOD_MATCH = YES;
				CODE_SIGN_IDENTITY = "iPhone Developer";
				COPY_PHASE_STRIP = NO;
				DEBUG_INFORMATION_FORMAT = "dwarf-with-dsym";
				ENABLE_NS_ASSERTIONS = NO;
				ENABLE_STRICT_OBJC_MSGSEND = YES;
				GCC_C_LANGUAGE_STANDARD = gnu11;
				GCC_NO_COMMON_BLOCKS = YES;
				GCC_WARN_64_TO_32_BIT_CONVERSION = YES;
				GCC_WARN_ABOUT_RETURN_TYPE = YES_ERROR;
				GCC_WARN_UNDECLARED_SELECTOR = YES;
				GCC_WARN_UNINITIALIZED_AUTOS = YES_AGGRESSIVE;
				GCC_WARN_UNUSED_FUNCTION = YES;
				GCC_WARN_UNUSED_VARIABLE = YES;
				IPHONEOS_DEPLOYMENT_TARGET = 11.4;
				MTL_ENABLE_DEBUG_INFO = NO;
				SDKROOT = iphoneos;
				SWIFT_COMPILATION_MODE = wholemodule;
				SWIFT_OPTIMIZATION_LEVEL = "-O";
				VALIDATE_PRODUCT = YES;
			};
			name = Release;
		};
		C84EC12320C5891600CAC54E /* Debug */ = {
			isa = XCBuildConfiguration;
			buildSettings = {
				ASSETCATALOG_COMPILER_APPICON_NAME = AppIcon;
				CODE_SIGN_STYLE = Automatic;
				DEVELOPMENT_TEAM = SAK6QLNPU5;
				INFOPLIST_FILE = SanaHomeworkApp/Info.plist;
				LD_RUNPATH_SEARCH_PATHS = (
					"$(inherited)",
					"@executable_path/Frameworks",
				);
				PRODUCT_BUNDLE_IDENTIFIER = com.kurihara.SanaHomeworkApp;
				PRODUCT_NAME = "$(TARGET_NAME)";
				SWIFT_VERSION = 4.0;
				TARGETED_DEVICE_FAMILY = "1,2";
			};
			name = Debug;
		};
		C84EC12420C5891600CAC54E /* Release */ = {
			isa = XCBuildConfiguration;
			buildSettings = {
				ASSETCATALOG_COMPILER_APPICON_NAME = AppIcon;
				CODE_SIGN_STYLE = Automatic;
				DEVELOPMENT_TEAM = SAK6QLNPU5;
				INFOPLIST_FILE = SanaHomeworkApp/Info.plist;
				LD_RUNPATH_SEARCH_PATHS = (
					"$(inherited)",
					"@executable_path/Frameworks",
				);
				PRODUCT_BUNDLE_IDENTIFIER = com.kurihara.SanaHomeworkApp;
				PRODUCT_NAME = "$(TARGET_NAME)";
				SWIFT_VERSION = 4.0;
				TARGETED_DEVICE_FAMILY = "1,2";
			};
			name = Release;
		};
		C84EC12620C5891600CAC54E /* Debug */ = {
			isa = XCBuildConfiguration;
			buildSettings = {
				ALWAYS_EMBED_SWIFT_STANDARD_LIBRARIES = YES;
				BUNDLE_LOADER = "$(TEST_HOST)";
				CODE_SIGN_STYLE = Automatic;
				DEVELOPMENT_TEAM = SAK6QLNPU5;
				INFOPLIST_FILE = SanaHomeworkAppTests/Info.plist;
				LD_RUNPATH_SEARCH_PATHS = (
					"$(inherited)",
					"@executable_path/Frameworks",
					"@loader_path/Frameworks",
				);
				PRODUCT_BUNDLE_IDENTIFIER = com.kurihara.SanaHomeworkAppTests;
				PRODUCT_NAME = "$(TARGET_NAME)";
				SWIFT_VERSION = 4.0;
				TARGETED_DEVICE_FAMILY = "1,2";
				TEST_HOST = "$(BUILT_PRODUCTS_DIR)/SanaHomeworkApp.app/SanaHomeworkApp";
			};
			name = Debug;
		};
		C84EC12720C5891600CAC54E /* Release */ = {
			isa = XCBuildConfiguration;
			buildSettings = {
				ALWAYS_EMBED_SWIFT_STANDARD_LIBRARIES = YES;
				BUNDLE_LOADER = "$(TEST_HOST)";
				CODE_SIGN_STYLE = Automatic;
				DEVELOPMENT_TEAM = SAK6QLNPU5;
				INFOPLIST_FILE = SanaHomeworkAppTests/Info.plist;
				LD_RUNPATH_SEARCH_PATHS = (
					"$(inherited)",
					"@executable_path/Frameworks",
					"@loader_path/Frameworks",
				);
				PRODUCT_BUNDLE_IDENTIFIER = com.kurihara.SanaHomeworkAppTests;
				PRODUCT_NAME = "$(TARGET_NAME)";
				SWIFT_VERSION = 4.0;
				TARGETED_DEVICE_FAMILY = "1,2";
				TEST_HOST = "$(BUILT_PRODUCTS_DIR)/SanaHomeworkApp.app/SanaHomeworkApp";
			};
			name = Release;
		};
		C84EC12920C5891600CAC54E /* Debug */ = {
			isa = XCBuildConfiguration;
			buildSettings = {
				ALWAYS_EMBED_SWIFT_STANDARD_LIBRARIES = YES;
				CODE_SIGN_STYLE = Automatic;
				DEVELOPMENT_TEAM = SAK6QLNPU5;
				INFOPLIST_FILE = SanaHomeworkAppUITests/Info.plist;
				LD_RUNPATH_SEARCH_PATHS = (
					"$(inherited)",
					"@executable_path/Frameworks",
					"@loader_path/Frameworks",
				);
				PRODUCT_BUNDLE_IDENTIFIER = com.kurihara.SanaHomeworkAppUITests;
				PRODUCT_NAME = "$(TARGET_NAME)";
				SWIFT_VERSION = 4.0;
				TARGETED_DEVICE_FAMILY = "1,2";
				TEST_TARGET_NAME = SanaHomeworkApp;
			};
			name = Debug;
		};
		C84EC12A20C5891600CAC54E /* Release */ = {
			isa = XCBuildConfiguration;
			buildSettings = {
				ALWAYS_EMBED_SWIFT_STANDARD_LIBRARIES = YES;
				CODE_SIGN_STYLE = Automatic;
				DEVELOPMENT_TEAM = SAK6QLNPU5;
				INFOPLIST_FILE = SanaHomeworkAppUITests/Info.plist;
				LD_RUNPATH_SEARCH_PATHS = (
					"$(inherited)",
					"@executable_path/Frameworks",
					"@loader_path/Frameworks",
				);
				PRODUCT_BUNDLE_IDENTIFIER = com.kurihara.SanaHomeworkAppUITests;
				PRODUCT_NAME = "$(TARGET_NAME)";
				SWIFT_VERSION = 4.0;
				TARGETED_DEVICE_FAMILY = "1,2";
				TEST_TARGET_NAME = SanaHomeworkApp;
			};
			name = Release;
		};
/* End XCBuildConfiguration section */

/* Begin XCConfigurationList section */
		C84EC0F520C5891300CAC54E /* Build configuration list for PBXProject "SanaHomeworkApp" */ = {
			isa = XCConfigurationList;
			buildConfigurations = (
				C84EC12020C5891600CAC54E /* Debug */,
				C84EC12120C5891600CAC54E /* Release */,
			);
			defaultConfigurationIsVisible = 0;
			defaultConfigurationName = Release;
		};
		C84EC12220C5891600CAC54E /* Build configuration list for PBXNativeTarget "SanaHomeworkApp" */ = {
			isa = XCConfigurationList;
			buildConfigurations = (
				C84EC12320C5891600CAC54E /* Debug */,
				C84EC12420C5891600CAC54E /* Release */,
			);
			defaultConfigurationIsVisible = 0;
			defaultConfigurationName = Release;
		};
		C84EC12520C5891600CAC54E /* Build configuration list for PBXNativeTarget "SanaHomeworkAppTests" */ = {
			isa = XCConfigurationList;
			buildConfigurations = (
				C84EC12620C5891600CAC54E /* Debug */,
				C84EC12720C5891600CAC54E /* Release */,
			);
			defaultConfigurationIsVisible = 0;
			defaultConfigurationName = Release;
		};
		C84EC12820C5891600CAC54E /* Build configuration list for PBXNativeTarget "SanaHomeworkAppUITests" */ = {
			isa = XCConfigurationList;
			buildConfigurations = (
				C84EC12920C5891600CAC54E /* Debug */,
				C84EC12A20C5891600CAC54E /* Release */,
			);
			defaultConfigurationIsVisible = 0;
			defaultConfigurationName = Release;
		};
/* End XCConfigurationList section */
	};
	rootObject = C84EC0F220C5891300CAC54E /* Project object */;
}
